
Microsoft Visual Studio Solution File, Format Version 12.00
# Visual Studio Version 17
VisualStudioVersion = 17.13.35931.197 d17.13
MinimumVisualStudioVersion = 10.0.40219.1
Project("{FAE04EC0-301F-11D3-BF4B-00C04F79EFBC}") = "GameRentalManagement", "GameRentalManagement.csproj", "{13A182F3-6682-44AB-835C-EA30B7C6B60B}"
EndProject
Global
	GlobalSection(SolutionConfigurationPlatforms) = preSolution
		Debug|Any CPU = Debug|Any CPU
		Release|Any CPU = Release|Any CPU
	EndGlobalSection
	GlobalSection(ProjectConfigurationPlatforms) = postSolution
		{13A182F3-6682-44AB-835C-EA30B7C6B60B}.Debug|Any CPU.ActiveCfg = Debug|Any CPU
		{13A182F3-6682-44AB-835C-EA30B7C6B60B}.Debug|Any CPU.Build.0 = Debug|Any CPU
		{13A182F3-6682-44AB-835C-EA30B7C6B60B}.Release|Any CPU.ActiveCfg = Release|Any CPU
		{13A182F3-6682-44AB-835C-EA30B7C6B60B}.Release|Any CPU.Build.0 = Release|Any CPU
	EndGlobalSection
	GlobalSection(SolutionProperties) = preSolution
		HideSolutionNode = FALSE
	EndGlobalSection
	GlobalSection(ExtensibilityGlobals) = postSolution
		SolutionGuid = {C8AA4F10-FCA3-46D4-AEAB-62A92957C6C8}
	EndGlobalSection
EndGlobal
